
Microsoft Visual Studio Solution File, Format Version 12.00
# Visual Studio Version 17
VisualStudioVersion = 17.2.32616.157
MinimumVisualStudioVersion = 10.0.40219.1
Project("{FAE04EC0-301F-11D3-BF4B-00C04F79EFBC}") = "Ornek_Console", "Ornek_Console\Ornek_Console.csproj", "{792662CB-9E46-48FE-8D7E-8F53D37A5440}"
EndProject
Global
	GlobalSection(SolutionConfigurationPlatforms) = preSolution
		Debug|Any CPU = Debug|Any CPU
		Release|Any CPU = Release|Any CPU
	EndGlobalSection
	GlobalSection(ProjectConfigurationPlatforms) = postSolution
		{792662CB-9E46-48FE-8D7E-8F53D37A5440}.Debug|Any CPU.ActiveCfg = Debug|Any CPU
		{792662CB-9E46-48FE-8D7E-8F53D37A5440}.Debug|Any CPU.Build.0 = Debug|Any CPU
		{792662CB-9E46-48FE-8D7E-8F53D37A5440}.Release|Any CPU.ActiveCfg = Release|Any CPU
		{792662CB-9E46-48FE-8D7E-8F53D37A5440}.Release|Any CPU.Build.0 = Release|Any CPU
	EndGlobalSection
	GlobalSection(SolutionProperties) = preSolution
		HideSolutionNode = FALSE
	EndGlobalSection
	GlobalSection(ExtensibilityGlobals) = postSolution
		SolutionGuid = {A085B1EB-9CBE-4B39-86E1-F8B0A259D053}
	EndGlobalSection
EndGlobal
